
Microsoft Visual Studio Solution File, Format Version 12.00
# Visual Studio Version 16
VisualStudioVersion = 16.0.30621.155
MinimumVisualStudioVersion = 10.0.40219.1
Project("{FAE04EC0-301F-11D3-BF4B-00C04F79EFBC}") = "OOP1", "OOP1\OOP1.csproj", "{994CFFE1-7793-4416-A6E1-609BF951FCAD}"
EndProject
Project("{FAE04EC0-301F-11D3-BF4B-00C04F79EFBC}") = "Collections", "Collections\Collections.csproj", "{7C585255-F49A-4A58-83BE-92CA126D89A7}"
EndProject
Project("{FAE04EC0-301F-11D3-BF4B-00C04F79EFBC}") = "GenericsIntro", "GenericsIntro\GenericsIntro.csproj", "{B4B29452-B788-484E-825E-05E806FC2144}"
EndProject
Global
	GlobalSection(SolutionConfigurationPlatforms) = preSolution
		Debug|Any CPU = Debug|Any CPU
		Release|Any CPU = Release|Any CPU
	EndGlobalSection
	GlobalSection(ProjectConfigurationPlatforms) = postSolution
		{994CFFE1-7793-4416-A6E1-609BF951FCAD}.Debug|Any CPU.ActiveCfg = Debug|Any CPU
		{994CFFE1-7793-4416-A6E1-609BF951FCAD}.Debug|Any CPU.Build.0 = Debug|Any CPU
		{994CFFE1-7793-4416-A6E1-609BF951FCAD}.Release|Any CPU.ActiveCfg = Release|Any CPU
		{994CFFE1-7793-4416-A6E1-609BF951FCAD}.Release|Any CPU.Build.0 = Release|Any CPU
		{7C585255-F49A-4A58-83BE-92CA126D89A7}.Debug|Any CPU.ActiveCfg = Debug|Any CPU
		{7C585255-F49A-4A58-83BE-92CA126D89A7}.Debug|Any CPU.Build.0 = Debug|Any CPU
		{7C585255-F49A-4A58-83BE-92CA126D89A7}.Release|Any CPU.ActiveCfg = Release|Any CPU
		{7C585255-F49A-4A58-83BE-92CA126D89A7}.Release|Any CPU.Build.0 = Release|Any CPU
		{B4B29452-B788-484E-825E-05E806FC2144}.Debug|Any CPU.ActiveCfg = Debug|Any CPU
		{B4B29452-B788-484E-825E-05E806FC2144}.Debug|Any CPU.Build.0 = Debug|Any CPU
		{B4B29452-B788-484E-825E-05E806FC2144}.Release|Any CPU.ActiveCfg = Release|Any CPU
		{B4B29452-B788-484E-825E-05E806FC2144}.Release|Any CPU.Build.0 = Release|Any CPU
	EndGlobalSection
	GlobalSection(SolutionProperties) = preSolution
		HideSolutionNode = FALSE
	EndGlobalSection
	GlobalSection(ExtensibilityGlobals) = postSolution
		SolutionGuid = {3BB41135-F58A-4824-8859-D8A32A5B242E}
	EndGlobalSection
EndGlobal
